// !$*UTF8*$!
{
	archiveVersion = 1;
	classes = {
	};
	objectVersion = 46;
	objects = {

/* Begin PBXBuildFile section */
		959AE9A0691A98A3231F95A7 /* Pods_vlogger.framework in Frameworks */ = {isa = PBXBuildFile; fileRef = 111CBF1D0813B7B0129071B8 /* Pods_vlogger.framework */; };
		F714CBAB1C3B232A00D8AC2D /* AppDelegate.swift in Sources */ = {isa = PBXBuildFile; fileRef = F714CBAA1C3B232A00D8AC2D /* AppDelegate.swift */; };
		F714CBAD1C3B232A00D8AC2D /* AVFoundationViewController.swift in Sources */ = {isa = PBXBuildFile; fileRef = F714CBAC1C3B232A00D8AC2D /* AVFoundationViewController.swift */; };
		F714CBB01C3B232A00D8AC2D /* Main.storyboard in Resources */ = {isa = PBXBuildFile; fileRef = F714CBAE1C3B232A00D8AC2D /* Main.storyboard */; };
		F714CBB21C3B232A00D8AC2D /* Assets.xcassets in Resources */ = {isa = PBXBuildFile; fileRef = F714CBB11C3B232A00D8AC2D /* Assets.xcassets */; };
		F714CBB51C3B232A00D8AC2D /* LaunchScreen.storyboard in Resources */ = {isa = PBXBuildFile; fileRef = F714CBB31C3B232A00D8AC2D /* LaunchScreen.storyboard */; };
		F714CBC21C3B27FE00D8AC2D /* Bolts.framework in Frameworks */ = {isa = PBXBuildFile; fileRef = F714CBC01C3B27FE00D8AC2D /* Bolts.framework */; };
		F714CBC31C3B27FE00D8AC2D /* Parse.framework in Frameworks */ = {isa = PBXBuildFile; fileRef = F714CBC11C3B27FE00D8AC2D /* Parse.framework */; };
		F714CBC51C3B283800D8AC2D /* libsqlite3.tbd in Frameworks */ = {isa = PBXBuildFile; fileRef = F714CBC41C3B283800D8AC2D /* libsqlite3.tbd */; };
		F714CBC71C3B284100D8AC2D /* CoreGraphics.framework in Frameworks */ = {isa = PBXBuildFile; fileRef = F714CBC61C3B284100D8AC2D /* CoreGraphics.framework */; };
		F714CBC91C3B284D00D8AC2D /* CFNetwork.framework in Frameworks */ = {isa = PBXBuildFile; fileRef = F714CBC81C3B284D00D8AC2D /* CFNetwork.framework */; };
		F714CBCB1C3B285900D8AC2D /* AudioToolbox.framework in Frameworks */ = {isa = PBXBuildFile; fileRef = F714CBCA1C3B285900D8AC2D /* AudioToolbox.framework */; };
		F714CBCD1C3B287400D8AC2D /* ParseUI.framework in Frameworks */ = {isa = PBXBuildFile; fileRef = F714CBCC1C3B287400D8AC2D /* ParseUI.framework */; };
		F714CBD01C3B295F00D8AC2D /* SystemConfiguration.framework in Frameworks */ = {isa = PBXBuildFile; fileRef = F714CBCF1C3B295F00D8AC2D /* SystemConfiguration.framework */; };
		F714CBD21C3B297000D8AC2D /* Security.framework in Frameworks */ = {isa = PBXBuildFile; fileRef = F714CBD11C3B297000D8AC2D /* Security.framework */; };
		F714CBD41C3B297B00D8AC2D /* libz.tbd in Frameworks */ = {isa = PBXBuildFile; fileRef = F714CBD31C3B297B00D8AC2D /* libz.tbd */; };
		F714CBDA1C3B2A7100D8AC2D /* ActivityIndicatorView.swift in Sources */ = {isa = PBXBuildFile; fileRef = F714CBD91C3B2A7100D8AC2D /* ActivityIndicatorView.swift */; };
		F714CBDE1C3B2D1800D8AC2D /* Constants.swift in Sources */ = {isa = PBXBuildFile; fileRef = F714CBDB1C3B2D1800D8AC2D /* Constants.swift */; };
		F714CBDF1C3B2D1800D8AC2D /* ErrorHandler.swift in Sources */ = {isa = PBXBuildFile; fileRef = F714CBDC1C3B2D1800D8AC2D /* ErrorHandler.swift */; };
		F714CBE01C3B2D1800D8AC2D /* MessageHandler.swift in Sources */ = {isa = PBXBuildFile; fileRef = F714CBDD1C3B2D1800D8AC2D /* MessageHandler.swift */; };
		F714CBE21C3B316000D8AC2D /* VideoViewController.swift in Sources */ = {isa = PBXBuildFile; fileRef = F714CBE11C3B316000D8AC2D /* VideoViewController.swift */; };
		F714CBE51C3B57A800D8AC2D /* RecordButton.swift in Sources */ = {isa = PBXBuildFile; fileRef = F714CBE41C3B57A800D8AC2D /* RecordButton.swift */; };
		F714CBE71C3B779400D8AC2D /* LoopingPlayer.swift in Sources */ = {isa = PBXBuildFile; fileRef = F714CBE61C3B779400D8AC2D /* LoopingPlayer.swift */; };
		F714CBEA1C3B7ADF00D8AC2D /* VideoSaveOverlayView.swift in Sources */ = {isa = PBXBuildFile; fileRef = F714CBE91C3B7ADF00D8AC2D /* VideoSaveOverlayView.swift */; };
		F714CBEF1C3B9EFF00D8AC2D /* FaceDetectionView.swift in Sources */ = {isa = PBXBuildFile; fileRef = F714CBEE1C3B9EFF00D8AC2D /* FaceDetectionView.swift */; };
		F714CBF21C3C3A1600D8AC2D /* User.swift in Sources */ = {isa = PBXBuildFile; fileRef = F714CBF11C3C3A1600D8AC2D /* User.swift */; };
		F714CBF41C3C3AB100D8AC2D /* Video.swift in Sources */ = {isa = PBXBuildFile; fileRef = F714CBF31C3C3AB100D8AC2D /* Video.swift */; };
		F714CBF61C3C3C1500D8AC2D /* Like.swift in Sources */ = {isa = PBXBuildFile; fileRef = F714CBF51C3C3C1500D8AC2D /* Like.swift */; };
		F769412F1C3C7AA40001496D /* LoginViewController.swift in Sources */ = {isa = PBXBuildFile; fileRef = F769412E1C3C7AA40001496D /* LoginViewController.swift */; };
		F76941311C3C7B240001496D /* IntroViewController.swift in Sources */ = {isa = PBXBuildFile; fileRef = F76941301C3C7B240001496D /* IntroViewController.swift */; };
		F76941341C3C8E6E0001496D /* FeedViewController.swift in Sources */ = {isa = PBXBuildFile; fileRef = F76941331C3C8E6E0001496D /* FeedViewController.swift */; };
		F76941361C3CB62B0001496D /* VideoPlayerViewController.swift in Sources */ = {isa = PBXBuildFile; fileRef = F76941351C3CB62A0001496D /* VideoPlayerViewController.swift */; };
		F76AD18F1C3F9B3D0059C2DF /* UploadFailedVideoView.swift in Sources */ = {isa = PBXBuildFile; fileRef = F76AD18E1C3F9B3D0059C2DF /* UploadFailedVideoView.swift */; };
		F7C550EA1C3FA19E007DA374 /* Utilities.swift in Sources */ = {isa = PBXBuildFile; fileRef = F7C550E91C3FA19E007DA374 /* Utilities.swift */; };
		F7F2A92A1C3CCA5F00AF81A4 /* VideoProgressView.swift in Sources */ = {isa = PBXBuildFile; fileRef = F7F2A9291C3CCA5F00AF81A4 /* VideoProgressView.swift */; };
		F7F2A92C1C3CE36900AF81A4 /* VideoProgressSegmentView.swift in Sources */ = {isa = PBXBuildFile; fileRef = F7F2A92B1C3CE36900AF81A4 /* VideoProgressSegmentView.swift */; };
		F7F2A92E1C3CF18400AF81A4 /* VideoFeedViewController.swift in Sources */ = {isa = PBXBuildFile; fileRef = F7F2A92D1C3CF18400AF81A4 /* VideoFeedViewController.swift */; };
		F7F2A9301C3CF1C500AF81A4 /* ChatFeedViewController.swift in Sources */ = {isa = PBXBuildFile; fileRef = F7F2A92F1C3CF1C500AF81A4 /* ChatFeedViewController.swift */; };
		F7F2A9331C3D992E00AF81A4 /* UIButtonOutline.swift in Sources */ = {isa = PBXBuildFile; fileRef = F7F2A9321C3D992E00AF81A4 /* UIButtonOutline.swift */; };
		F7F2A9361C3DC40600AF81A4 /* VideoProgressBarViewController.swift in Sources */ = {isa = PBXBuildFile; fileRef = F7F2A9351C3DC40600AF81A4 /* VideoProgressBarViewController.swift */; };
		F7F2A9381C3DCB2A00AF81A4 /* TODO in Resources */ = {isa = PBXBuildFile; fileRef = F7F2A9371C3DCB2A00AF81A4 /* TODO */; };
		F7F635BA1C3F478D0096FE66 /* AVPlayerItemCustom.swift in Sources */ = {isa = PBXBuildFile; fileRef = F7F635B91C3F478D0096FE66 /* AVPlayerItemCustom.swift */; };
		F7F635BC1C3F7DA80096FE66 /* Cache.swift in Sources */ = {isa = PBXBuildFile; fileRef = F7F635BB1C3F7DA80096FE66 /* Cache.swift */; };
/* End PBXBuildFile section */

/* Begin PBXFileReference section */
		0074498CEF410DAECC9BF613 /* Pods-vlogger.debug.xcconfig */ = {isa = PBXFileReference; includeInIndex = 1; lastKnownFileType = text.xcconfig; name = "Pods-vlogger.debug.xcconfig"; path = "Pods/Target Support Files/Pods-vlogger/Pods-vlogger.debug.xcconfig"; sourceTree = "<group>"; };
		111CBF1D0813B7B0129071B8 /* Pods_vlogger.framework */ = {isa = PBXFileReference; explicitFileType = wrapper.framework; includeInIndex = 0; path = Pods_vlogger.framework; sourceTree = BUILT_PRODUCTS_DIR; };
		AC1279823F1F324E18BCB511 /* Pods-vlogger.release.xcconfig */ = {isa = PBXFileReference; includeInIndex = 1; lastKnownFileType = text.xcconfig; name = "Pods-vlogger.release.xcconfig"; path = "Pods/Target Support Files/Pods-vlogger/Pods-vlogger.release.xcconfig"; sourceTree = "<group>"; };
		F714CBA71C3B232A00D8AC2D /* vlogger.app */ = {isa = PBXFileReference; explicitFileType = wrapper.application; includeInIndex = 0; path = vlogger.app; sourceTree = BUILT_PRODUCTS_DIR; };
		F714CBAA1C3B232A00D8AC2D /* AppDelegate.swift */ = {isa = PBXFileReference; lastKnownFileType = sourcecode.swift; path = AppDelegate.swift; sourceTree = "<group>"; };
		F714CBAC1C3B232A00D8AC2D /* AVFoundationViewController.swift */ = {isa = PBXFileReference; lastKnownFileType = sourcecode.swift; path = AVFoundationViewController.swift; sourceTree = "<group>"; };
		F714CBAF1C3B232A00D8AC2D /* Base */ = {isa = PBXFileReference; lastKnownFileType = file.storyboard; name = Base; path = Base.lproj/Main.storyboard; sourceTree = "<group>"; };
		F714CBB11C3B232A00D8AC2D /* Assets.xcassets */ = {isa = PBXFileReference; lastKnownFileType = folder.assetcatalog; path = Assets.xcassets; sourceTree = "<group>"; };
		F714CBB41C3B232A00D8AC2D /* Base */ = {isa = PBXFileReference; lastKnownFileType = file.storyboard; name = Base; path = Base.lproj/LaunchScreen.storyboard; sourceTree = "<group>"; };
		F714CBB61C3B232A00D8AC2D /* Info.plist */ = {isa = PBXFileReference; lastKnownFileType = text.plist.xml; path = Info.plist; sourceTree = "<group>"; };
		F714CBC01C3B27FE00D8AC2D /* Bolts.framework */ = {isa = PBXFileReference; lastKnownFileType = wrapper.framework; path = Bolts.framework; sourceTree = "<group>"; };
		F714CBC11C3B27FE00D8AC2D /* Parse.framework */ = {isa = PBXFileReference; lastKnownFileType = wrapper.framework; path = Parse.framework; sourceTree = "<group>"; };
		F714CBC41C3B283800D8AC2D /* libsqlite3.tbd */ = {isa = PBXFileReference; lastKnownFileType = "sourcecode.text-based-dylib-definition"; name = libsqlite3.tbd; path = usr/lib/libsqlite3.tbd; sourceTree = SDKROOT; };
		F714CBC61C3B284100D8AC2D /* CoreGraphics.framework */ = {isa = PBXFileReference; lastKnownFileType = wrapper.framework; name = CoreGraphics.framework; path = System/Library/Frameworks/CoreGraphics.framework; sourceTree = SDKROOT; };
		F714CBC81C3B284D00D8AC2D /* CFNetwork.framework */ = {isa = PBXFileReference; lastKnownFileType = wrapper.framework; name = CFNetwork.framework; path = System/Library/Frameworks/CFNetwork.framework; sourceTree = SDKROOT; };
		F714CBCA1C3B285900D8AC2D /* AudioToolbox.framework */ = {isa = PBXFileReference; lastKnownFileType = wrapper.framework; name = AudioToolbox.framework; path = System/Library/Frameworks/AudioToolbox.framework; sourceTree = SDKROOT; };
		F714CBCC1C3B287400D8AC2D /* ParseUI.framework */ = {isa = PBXFileReference; lastKnownFileType = wrapper.framework; path = ParseUI.framework; sourceTree = "<group>"; };
		F714CBCF1C3B295F00D8AC2D /* SystemConfiguration.framework */ = {isa = PBXFileReference; lastKnownFileType = wrapper.framework; name = SystemConfiguration.framework; path = System/Library/Frameworks/SystemConfiguration.framework; sourceTree = SDKROOT; };
		F714CBD11C3B297000D8AC2D /* Security.framework */ = {isa = PBXFileReference; lastKnownFileType = wrapper.framework; name = Security.framework; path = System/Library/Frameworks/Security.framework; sourceTree = SDKROOT; };
		F714CBD31C3B297B00D8AC2D /* libz.tbd */ = {isa = PBXFileReference; lastKnownFileType = "sourcecode.text-based-dylib-definition"; name = libz.tbd; path = usr/lib/libz.tbd; sourceTree = SDKROOT; };
		F714CBD91C3B2A7100D8AC2D /* ActivityIndicatorView.swift */ = {isa = PBXFileReference; fileEncoding = 4; lastKnownFileType = sourcecode.swift; path = ActivityIndicatorView.swift; sourceTree = "<group>"; };
		F714CBDB1C3B2D1800D8AC2D /* Constants.swift */ = {isa = PBXFileReference; fileEncoding = 4; lastKnownFileType = sourcecode.swift; path = Constants.swift; sourceTree = "<group>"; };
		F714CBDC1C3B2D1800D8AC2D /* ErrorHandler.swift */ = {isa = PBXFileReference; fileEncoding = 4; lastKnownFileType = sourcecode.swift; path = ErrorHandler.swift; sourceTree = "<group>"; };
		F714CBDD1C3B2D1800D8AC2D /* MessageHandler.swift */ = {isa = PBXFileReference; fileEncoding = 4; lastKnownFileType = sourcecode.swift; path = MessageHandler.swift; sourceTree = "<group>"; };
		F714CBE11C3B316000D8AC2D /* VideoViewController.swift */ = {isa = PBXFileReference; fileEncoding = 4; lastKnownFileType = sourcecode.swift; path = VideoViewController.swift; sourceTree = "<group>"; };
		F714CBE41C3B57A800D8AC2D /* RecordButton.swift */ = {isa = PBXFileReference; fileEncoding = 4; lastKnownFileType = sourcecode.swift; path = RecordButton.swift; sourceTree = "<group>"; };
		F714CBE61C3B779400D8AC2D /* LoopingPlayer.swift */ = {isa = PBXFileReference; fileEncoding = 4; lastKnownFileType = sourcecode.swift; path = LoopingPlayer.swift; sourceTree = "<group>"; };
		F714CBE91C3B7ADF00D8AC2D /* VideoSaveOverlayView.swift */ = {isa = PBXFileReference; fileEncoding = 4; lastKnownFileType = sourcecode.swift; path = VideoSaveOverlayView.swift; sourceTree = "<group>"; };
		F714CBEE1C3B9EFF00D8AC2D /* FaceDetectionView.swift */ = {isa = PBXFileReference; fileEncoding = 4; lastKnownFileType = sourcecode.swift; path = FaceDetectionView.swift; sourceTree = "<group>"; };
		F714CBF11C3C3A1600D8AC2D /* User.swift */ = {isa = PBXFileReference; fileEncoding = 4; lastKnownFileType = sourcecode.swift; path = User.swift; sourceTree = "<group>"; };
		F714CBF31C3C3AB100D8AC2D /* Video.swift */ = {isa = PBXFileReference; fileEncoding = 4; lastKnownFileType = sourcecode.swift; path = Video.swift; sourceTree = "<group>"; };
		F714CBF51C3C3C1500D8AC2D /* Like.swift */ = {isa = PBXFileReference; fileEncoding = 4; lastKnownFileType = sourcecode.swift; path = Like.swift; sourceTree = "<group>"; };
		F769412E1C3C7AA40001496D /* LoginViewController.swift */ = {isa = PBXFileReference; fileEncoding = 4; lastKnownFileType = sourcecode.swift; path = LoginViewController.swift; sourceTree = "<group>"; };
		F76941301C3C7B240001496D /* IntroViewController.swift */ = {isa = PBXFileReference; fileEncoding = 4; lastKnownFileType = sourcecode.swift; path = IntroViewController.swift; sourceTree = "<group>"; };
		F76941331C3C8E6E0001496D /* FeedViewController.swift */ = {isa = PBXFileReference; fileEncoding = 4; lastKnownFileType = sourcecode.swift; path = FeedViewController.swift; sourceTree = "<group>"; };
		F76941351C3CB62A0001496D /* VideoPlayerViewController.swift */ = {isa = PBXFileReference; fileEncoding = 4; lastKnownFileType = sourcecode.swift; path = VideoPlayerViewController.swift; sourceTree = "<group>"; };
		F76AD18E1C3F9B3D0059C2DF /* UploadFailedVideoView.swift */ = {isa = PBXFileReference; fileEncoding = 4; lastKnownFileType = sourcecode.swift; path = UploadFailedVideoView.swift; sourceTree = "<group>"; };
		F7C550E91C3FA19E007DA374 /* Utilities.swift */ = {isa = PBXFileReference; fileEncoding = 4; lastKnownFileType = sourcecode.swift; path = Utilities.swift; sourceTree = "<group>"; };
		F7F2A9291C3CCA5F00AF81A4 /* VideoProgressView.swift */ = {isa = PBXFileReference; fileEncoding = 4; lastKnownFileType = sourcecode.swift; path = VideoProgressView.swift; sourceTree = "<group>"; };
		F7F2A92B1C3CE36900AF81A4 /* VideoProgressSegmentView.swift */ = {isa = PBXFileReference; fileEncoding = 4; lastKnownFileType = sourcecode.swift; path = VideoProgressSegmentView.swift; sourceTree = "<group>"; };
		F7F2A92D1C3CF18400AF81A4 /* VideoFeedViewController.swift */ = {isa = PBXFileReference; fileEncoding = 4; lastKnownFileType = sourcecode.swift; path = VideoFeedViewController.swift; sourceTree = "<group>"; };
		F7F2A92F1C3CF1C500AF81A4 /* ChatFeedViewController.swift */ = {isa = PBXFileReference; fileEncoding = 4; lastKnownFileType = sourcecode.swift; path = ChatFeedViewController.swift; sourceTree = "<group>"; };
		F7F2A9321C3D992E00AF81A4 /* UIButtonOutline.swift */ = {isa = PBXFileReference; fileEncoding = 4; lastKnownFileType = sourcecode.swift; path = UIButtonOutline.swift; sourceTree = "<group>"; };
		F7F2A9351C3DC40600AF81A4 /* VideoProgressBarViewController.swift */ = {isa = PBXFileReference; fileEncoding = 4; lastKnownFileType = sourcecode.swift; path = VideoProgressBarViewController.swift; sourceTree = "<group>"; };
		F7F2A9371C3DCB2A00AF81A4 /* TODO */ = {isa = PBXFileReference; fileEncoding = 4; lastKnownFileType = text; path = TODO; sourceTree = "<group>"; };
		F7F635B91C3F478D0096FE66 /* AVPlayerItemCustom.swift */ = {isa = PBXFileReference; fileEncoding = 4; lastKnownFileType = sourcecode.swift; path = AVPlayerItemCustom.swift; sourceTree = "<group>"; };
		F7F635BB1C3F7DA80096FE66 /* Cache.swift */ = {isa = PBXFileReference; fileEncoding = 4; lastKnownFileType = sourcecode.swift; path = Cache.swift; sourceTree = "<group>"; };
/* End PBXFileReference section */

/* Begin PBXFrameworksBuildPhase section */
		F714CBA41C3B232A00D8AC2D /* Frameworks */ = {
			isa = PBXFrameworksBuildPhase;
			buildActionMask = 2147483647;
			files = (
				F714CBD41C3B297B00D8AC2D /* libz.tbd in Frameworks */,
				F714CBD21C3B297000D8AC2D /* Security.framework in Frameworks */,
				F714CBD01C3B295F00D8AC2D /* SystemConfiguration.framework in Frameworks */,
				F714CBCB1C3B285900D8AC2D /* AudioToolbox.framework in Frameworks */,
				F714CBC91C3B284D00D8AC2D /* CFNetwork.framework in Frameworks */,
				F714CBCD1C3B287400D8AC2D /* ParseUI.framework in Frameworks */,
				F714CBC71C3B284100D8AC2D /* CoreGraphics.framework in Frameworks */,
				F714CBC51C3B283800D8AC2D /* libsqlite3.tbd in Frameworks */,
				F714CBC31C3B27FE00D8AC2D /* Parse.framework in Frameworks */,
				F714CBC21C3B27FE00D8AC2D /* Bolts.framework in Frameworks */,
				959AE9A0691A98A3231F95A7 /* Pods_vlogger.framework in Frameworks */,
			);
			runOnlyForDeploymentPostprocessing = 0;
		};
/* End PBXFrameworksBuildPhase section */

/* Begin PBXGroup section */
		872A4496ED8694470186575A /* Pods */ = {
			isa = PBXGroup;
			children = (
				0074498CEF410DAECC9BF613 /* Pods-vlogger.debug.xcconfig */,
				AC1279823F1F324E18BCB511 /* Pods-vlogger.release.xcconfig */,
			);
			name = Pods;
			sourceTree = "<group>";
		};
		F714CB9E1C3B232900D8AC2D = {
			isa = PBXGroup;
			children = (
				F714CBCE1C3B289000D8AC2D /* Frameworks */,
				F714CBA91C3B232A00D8AC2D /* vlogger */,
				F714CBA81C3B232A00D8AC2D /* Products */,
				872A4496ED8694470186575A /* Pods */,
			);
			sourceTree = "<group>";
		};
		F714CBA81C3B232A00D8AC2D /* Products */ = {
			isa = PBXGroup;
			children = (
				F714CBA71C3B232A00D8AC2D /* vlogger.app */,
			);
			name = Products;
			sourceTree = "<group>";
		};
		F714CBA91C3B232A00D8AC2D /* vlogger */ = {
			isa = PBXGroup;
			children = (
				F714CBED1C3B7BB800D8AC2D /* Resources */,
				F714CBD71C3B2A1700D8AC2D /* Models */,
				F714CBD61C3B2A1100D8AC2D /* Controllers */,
				F714CBD51C3B2A0700D8AC2D /* Views */,
				F714CBAA1C3B232A00D8AC2D /* AppDelegate.swift */,
				F714CBAE1C3B232A00D8AC2D /* Main.storyboard */,
				F714CBB31C3B232A00D8AC2D /* LaunchScreen.storyboard */,
			);
			path = vlogger;
			sourceTree = "<group>";
		};
		F714CBCE1C3B289000D8AC2D /* Frameworks */ = {
			isa = PBXGroup;
			children = (
				F714CBE31C3B374B00D8AC2D /* System Frameworks */,
				F714CBCC1C3B287400D8AC2D /* ParseUI.framework */,
				F714CBC01C3B27FE00D8AC2D /* Bolts.framework */,
				F714CBC11C3B27FE00D8AC2D /* Parse.framework */,
				111CBF1D0813B7B0129071B8 /* Pods_vlogger.framework */,
			);
			name = Frameworks;
			sourceTree = "<group>";
		};
		F714CBD51C3B2A0700D8AC2D /* Views */ = {
			isa = PBXGroup;
			children = (
				F7F2A9391C3DCCBB00AF81A4 /* VideoPlayer */,
				F7F2A9281C3CCA3A00AF81A4 /* Feed */,
				F714CBE81C3B7A9800D8AC2D /* Camera */,
				F714CBD91C3B2A7100D8AC2D /* ActivityIndicatorView.swift */,
			);
			name = Views;
			sourceTree = "<group>";
		};
		F714CBD61C3B2A1100D8AC2D /* Controllers */ = {
			isa = PBXGroup;
			children = (
				F7F2A9341C3DC3EA00AF81A4 /* VideoPlayer */,
				F76941321C3C8E480001496D /* Feed */,
				F769412D1C3C7A970001496D /* Intro */,
				F714CBD81C3B2A1D00D8AC2D /* Camera */,
			);
			name = Controllers;
			sourceTree = "<group>";
		};
		F714CBD71C3B2A1700D8AC2D /* Models */ = {
			isa = PBXGroup;
			children = (
				F714CBF01C3C39F900D8AC2D /* Parse */,
				F714CBDB1C3B2D1800D8AC2D /* Constants.swift */,
				F714CBDC1C3B2D1800D8AC2D /* ErrorHandler.swift */,
				F714CBDD1C3B2D1800D8AC2D /* MessageHandler.swift */,
				F7F635BB1C3F7DA80096FE66 /* Cache.swift */,
				F7C550E91C3FA19E007DA374 /* Utilities.swift */,
			);
			name = Models;
			sourceTree = "<group>";
		};
		F714CBD81C3B2A1D00D8AC2D /* Camera */ = {
			isa = PBXGroup;
			children = (
				F714CBAC1C3B232A00D8AC2D /* AVFoundationViewController.swift */,
				F714CBE11C3B316000D8AC2D /* VideoViewController.swift */,
			);
			name = Camera;
			sourceTree = "<group>";
		};
		F714CBE31C3B374B00D8AC2D /* System Frameworks */ = {
			isa = PBXGroup;
			children = (
				F714CBC41C3B283800D8AC2D /* libsqlite3.tbd */,
				F714CBCA1C3B285900D8AC2D /* AudioToolbox.framework */,
				F714CBC61C3B284100D8AC2D /* CoreGraphics.framework */,
				F714CBC81C3B284D00D8AC2D /* CFNetwork.framework */,
				F714CBCF1C3B295F00D8AC2D /* SystemConfiguration.framework */,
				F714CBD11C3B297000D8AC2D /* Security.framework */,
				F714CBD31C3B297B00D8AC2D /* libz.tbd */,
			);
			name = "System Frameworks";
			sourceTree = "<group>";
		};
		F714CBE81C3B7A9800D8AC2D /* Camera */ = {
			isa = PBXGroup;
			children = (
				F714CBE41C3B57A800D8AC2D /* RecordButton.swift */,
				F714CBE91C3B7ADF00D8AC2D /* VideoSaveOverlayView.swift */,
				F714CBEE1C3B9EFF00D8AC2D /* FaceDetectionView.swift */,
			);
			name = Camera;
			sourceTree = "<group>";
		};
		F714CBED1C3B7BB800D8AC2D /* Resources */ = {
			isa = PBXGroup;
			children = (
				F714CBB11C3B232A00D8AC2D /* Assets.xcassets */,
				F714CBB61C3B232A00D8AC2D /* Info.plist */,
				F7F2A9371C3DCB2A00AF81A4 /* TODO */,
			);
			name = Resources;
			sourceTree = "<group>";
		};
		F714CBF01C3C39F900D8AC2D /* Parse */ = {
			isa = PBXGroup;
			children = (
				F714CBF11C3C3A1600D8AC2D /* User.swift */,
				F714CBF31C3C3AB100D8AC2D /* Video.swift */,
				F714CBF51C3C3C1500D8AC2D /* Like.swift */,
			);
			name = Parse;
			sourceTree = "<group>";
		};
		F769412D1C3C7A970001496D /* Intro */ = {
			isa = PBXGroup;
			children = (
				F769412E1C3C7AA40001496D /* LoginViewController.swift */,
				F76941301C3C7B240001496D /* IntroViewController.swift */,
			);
			name = Intro;
			sourceTree = "<group>";
		};
		F76941321C3C8E480001496D /* Feed */ = {
			isa = PBXGroup;
			children = (
				F76941331C3C8E6E0001496D /* FeedViewController.swift */,
				F7F2A92D1C3CF18400AF81A4 /* VideoFeedViewController.swift */,
				F7F2A92F1C3CF1C500AF81A4 /* ChatFeedViewController.swift */,
			);
			name = Feed;
			sourceTree = "<group>";
		};
		F7F2A9281C3CCA3A00AF81A4 /* Feed */ = {
			isa = PBXGroup;
			children = (
				F7F2A9311C3D98FD00AF81A4 /* VideoFeed */,
			);
			name = Feed;
			sourceTree = "<group>";
		};
		F7F2A9311C3D98FD00AF81A4 /* VideoFeed */ = {
			isa = PBXGroup;
			children = (
				F76AD18E1C3F9B3D0059C2DF /* UploadFailedVideoView.swift */,
				F7F2A9321C3D992E00AF81A4 /* UIButtonOutline.swift */,
			);
			name = VideoFeed;
			sourceTree = "<group>";
		};
		F7F2A9341C3DC3EA00AF81A4 /* VideoPlayer */ = {
			isa = PBXGroup;
			children = (
				F76941351C3CB62A0001496D /* VideoPlayerViewController.swift */,
				F7F2A9351C3DC40600AF81A4 /* VideoProgressBarViewController.swift */,
			);
			name = VideoPlayer;
			sourceTree = "<group>";
		};
		F7F2A9391C3DCCBB00AF81A4 /* VideoPlayer */ = {
			isa = PBXGroup;
			children = (
				F714CBE61C3B779400D8AC2D /* LoopingPlayer.swift */,
				F7F2A9291C3CCA5F00AF81A4 /* VideoProgressView.swift */,
				F7F2A92B1C3CE36900AF81A4 /* VideoProgressSegmentView.swift */,
				F7F635B91C3F478D0096FE66 /* AVPlayerItemCustom.swift */,
			);
			name = VideoPlayer;
			sourceTree = "<group>";
		};
/* End PBXGroup section */

/* Begin PBXNativeTarget section */
		F714CBA61C3B232A00D8AC2D /* vlogger */ = {
			isa = PBXNativeTarget;
			buildConfigurationList = F714CBB91C3B232A00D8AC2D /* Build configuration list for PBXNativeTarget "vlogger" */;
			buildPhases = (
				5BE4424AFF960E6B79180872 /* Check Pods Manifest.lock */,
				F714CBA31C3B232A00D8AC2D /* Sources */,
				F714CBA41C3B232A00D8AC2D /* Frameworks */,
				F714CBA51C3B232A00D8AC2D /* Resources */,
				D92C45048D372C4013727E6F /* Embed Pods Frameworks */,
				0DC106D97336586B3CE4B16E /* Copy Pods Resources */,
			);
			buildRules = (
			);
			dependencies = (
			);
			name = vlogger;
			productName = vlogger;
			productReference = F714CBA71C3B232A00D8AC2D /* vlogger.app */;
			productType = "com.apple.product-type.application";
		};
/* End PBXNativeTarget section */

/* Begin PBXProject section */
		F714CB9F1C3B232900D8AC2D /* Project object */ = {
			isa = PBXProject;
			attributes = {
				LastSwiftUpdateCheck = 0720;
				LastUpgradeCheck = 0720;
				ORGANIZATIONNAME = smith1302;
				TargetAttributes = {
					F714CBA61C3B232A00D8AC2D = {
						CreatedOnToolsVersion = 7.2;
					};
				};
			};
			buildConfigurationList = F714CBA21C3B232900D8AC2D /* Build configuration list for PBXProject "vlogger" */;
			compatibilityVersion = "Xcode 3.2";
			developmentRegion = English;
			hasScannedForEncodings = 0;
			knownRegions = (
				en,
				Base,
			);
			mainGroup = F714CB9E1C3B232900D8AC2D;
			productRefGroup = F714CBA81C3B232A00D8AC2D /* Products */;
			projectDirPath = "";
			projectRoot = "";
			targets = (
				F714CBA61C3B232A00D8AC2D /* vlogger */,
			);
		};
/* End PBXProject section */

/* Begin PBXResourcesBuildPhase section */
		F714CBA51C3B232A00D8AC2D /* Resources */ = {
			isa = PBXResourcesBuildPhase;
			buildActionMask = 2147483647;
			files = (
				F714CBB51C3B232A00D8AC2D /* LaunchScreen.storyboard in Resources */,
				F714CBB21C3B232A00D8AC2D /* Assets.xcassets in Resources */,
				F7F2A9381C3DCB2A00AF81A4 /* TODO in Resources */,
				F714CBB01C3B232A00D8AC2D /* Main.storyboard in Resources */,
			);
			runOnlyForDeploymentPostprocessing = 0;
		};
/* End PBXResourcesBuildPhase section */

/* Begin PBXShellScriptBuildPhase section */
		0DC106D97336586B3CE4B16E /* Copy Pods Resources */ = {
			isa = PBXShellScriptBuildPhase;
			buildActionMask = 2147483647;
			files = (
			);
			inputPaths = (
			);
			name = "Copy Pods Resources";
			outputPaths = (
			);
			runOnlyForDeploymentPostprocessing = 0;
			shellPath = /bin/sh;
			shellScript = "\"${SRCROOT}/Pods/Target Support Files/Pods-vlogger/Pods-vlogger-resources.sh\"\n";
			showEnvVarsInLog = 0;
		};
		5BE4424AFF960E6B79180872 /* Check Pods Manifest.lock */ = {
			isa = PBXShellScriptBuildPhase;
			buildActionMask = 2147483647;
			files = (
			);
			inputPaths = (
			);
			name = "Check Pods Manifest.lock";
			outputPaths = (
			);
			runOnlyForDeploymentPostprocessing = 0;
			shellPath = /bin/sh;
			shellScript = "diff \"${PODS_ROOT}/../Podfile.lock\" \"${PODS_ROOT}/Manifest.lock\" > /dev/null\nif [[ $? != 0 ]] ; then\n    cat << EOM\nerror: The sandbox is not in sync with the Podfile.lock. Run 'pod install' or update your CocoaPods installation.\nEOM\n    exit 1\nfi\n";
			showEnvVarsInLog = 0;
		};
		D92C45048D372C4013727E6F /* Embed Pods Frameworks */ = {
			isa = PBXShellScriptBuildPhase;
			buildActionMask = 2147483647;
			files = (
			);
			inputPaths = (
			);
			name = "Embed Pods Frameworks";
			outputPaths = (
			);
			runOnlyForDeploymentPostprocessing = 0;
			shellPath = /bin/sh;
			shellScript = "\"${SRCROOT}/Pods/Target Support Files/Pods-vlogger/Pods-vlogger-frameworks.sh\"\n";
			showEnvVarsInLog = 0;
		};
/* End PBXShellScriptBuildPhase section */

/* Begin PBXSourcesBuildPhase section */
		F714CBA31C3B232A00D8AC2D /* Sources */ = {
			isa = PBXSourcesBuildPhase;
			buildActionMask = 2147483647;
			files = (
				F7F2A92A1C3CCA5F00AF81A4 /* VideoProgressView.swift in Sources */,
				F714CBE51C3B57A800D8AC2D /* RecordButton.swift in Sources */,
				F7C550EA1C3FA19E007DA374 /* Utilities.swift in Sources */,
				F714CBDA1C3B2A7100D8AC2D /* ActivityIndicatorView.swift in Sources */,
				F714CBEF1C3B9EFF00D8AC2D /* FaceDetectionView.swift in Sources */,
				F76941361C3CB62B0001496D /* VideoPlayerViewController.swift in Sources */,
				F769412F1C3C7AA40001496D /* LoginViewController.swift in Sources */,
				F7F635BC1C3F7DA80096FE66 /* Cache.swift in Sources */,
				F714CBE21C3B316000D8AC2D /* VideoViewController.swift in Sources */,
				F76AD18F1C3F9B3D0059C2DF /* UploadFailedVideoView.swift in Sources */,
				F714CBAD1C3B232A00D8AC2D /* AVFoundationViewController.swift in Sources */,
				F7F635BA1C3F478D0096FE66 /* AVPlayerItemCustom.swift in Sources */,
				F714CBEA1C3B7ADF00D8AC2D /* VideoSaveOverlayView.swift in Sources */,
				F714CBDF1C3B2D1800D8AC2D /* ErrorHandler.swift in Sources */,
				F7F2A9301C3CF1C500AF81A4 /* ChatFeedViewController.swift in Sources */,
				F714CBAB1C3B232A00D8AC2D /* AppDelegate.swift in Sources */,
				F7F2A9331C3D992E00AF81A4 /* UIButtonOutline.swift in Sources */,
				F76941341C3C8E6E0001496D /* FeedViewController.swift in Sources */,
				F7F2A92E1C3CF18400AF81A4 /* VideoFeedViewController.swift in Sources */,
				F7F2A9361C3DC40600AF81A4 /* VideoProgressBarViewController.swift in Sources */,
				F714CBF61C3C3C1500D8AC2D /* Like.swift in Sources */,
				F714CBF21C3C3A1600D8AC2D /* User.swift in Sources */,
				F714CBF41C3C3AB100D8AC2D /* Video.swift in Sources */,
				F7F2A92C1C3CE36900AF81A4 /* VideoProgressSegmentView.swift in Sources */,
				F714CBE01C3B2D1800D8AC2D /* MessageHandler.swift in Sources */,
				F714CBDE1C3B2D1800D8AC2D /* Constants.swift in Sources */,
				F714CBE71C3B779400D8AC2D /* LoopingPlayer.swift in Sources */,
				F76941311C3C7B240001496D /* IntroViewController.swift in Sources */,
			);
			runOnlyForDeploymentPostprocessing = 0;
		};
/* End PBXSourcesBuildPhase section */

/* Begin PBXVariantGroup section */
		F714CBAE1C3B232A00D8AC2D /* Main.storyboard */ = {
			isa = PBXVariantGroup;
			children = (
				F714CBAF1C3B232A00D8AC2D /* Base */,
			);
			name = Main.storyboard;
			sourceTree = "<group>";
		};
		F714CBB31C3B232A00D8AC2D /* LaunchScreen.storyboard */ = {
			isa = PBXVariantGroup;
			children = (
				F714CBB41C3B232A00D8AC2D /* Base */,
			);
			name = LaunchScreen.storyboard;
			sourceTree = "<group>";
		};
/* End PBXVariantGroup section */

/* Begin XCBuildConfiguration section */
		F714CBB71C3B232A00D8AC2D /* Debug */ = {
			isa = XCBuildConfiguration;
			buildSettings = {
				ALWAYS_SEARCH_USER_PATHS = NO;
				CLANG_CXX_LANGUAGE_STANDARD = "gnu++0x";
				CLANG_CXX_LIBRARY = "libc++";
				CLANG_ENABLE_MODULES = YES;
				CLANG_ENABLE_OBJC_ARC = YES;
				CLANG_WARN_BOOL_CONVERSION = YES;
				CLANG_WARN_CONSTANT_CONVERSION = YES;
				CLANG_WARN_DIRECT_OBJC_ISA_USAGE = YES_ERROR;
				CLANG_WARN_EMPTY_BODY = YES;
				CLANG_WARN_ENUM_CONVERSION = YES;
				CLANG_WARN_INT_CONVERSION = YES;
				CLANG_WARN_OBJC_ROOT_CLASS = YES_ERROR;
				CLANG_WARN_UNREACHABLE_CODE = YES;
				CLANG_WARN__DUPLICATE_METHOD_MATCH = YES;
				"CODE_SIGN_IDENTITY[sdk=iphoneos*]" = "iPhone Developer";
				COPY_PHASE_STRIP = NO;
				DEBUG_INFORMATION_FORMAT = dwarf;
				ENABLE_STRICT_OBJC_MSGSEND = YES;
				ENABLE_TESTABILITY = YES;
				GCC_C_LANGUAGE_STANDARD = gnu99;
				GCC_DYNAMIC_NO_PIC = NO;
				GCC_NO_COMMON_BLOCKS = YES;
				GCC_OPTIMIZATION_LEVEL = 0;
				GCC_PREPROCESSOR_DEFINITIONS = (
					"DEBUG=1",
					"$(inherited)",
				);
				GCC_WARN_64_TO_32_BIT_CONVERSION = YES;
				GCC_WARN_ABOUT_RETURN_TYPE = YES_ERROR;
				GCC_WARN_UNDECLARED_SELECTOR = YES;
				GCC_WARN_UNINITIALIZED_AUTOS = YES_AGGRESSIVE;
				GCC_WARN_UNUSED_FUNCTION = YES;
				GCC_WARN_UNUSED_VARIABLE = YES;
				IPHONEOS_DEPLOYMENT_TARGET = 9.2;
				MTL_ENABLE_DEBUG_INFO = YES;
				ONLY_ACTIVE_ARCH = YES;
				SDKROOT = iphoneos;
				SWIFT_OPTIMIZATION_LEVEL = "-Onone";
			};
			name = Debug;
		};
		F714CBB81C3B232A00D8AC2D /* Release */ = {
			isa = XCBuildConfiguration;
			buildSettings = {
				ALWAYS_SEARCH_USER_PATHS = NO;
				CLANG_CXX_LANGUAGE_STANDARD = "gnu++0x";
				CLANG_CXX_LIBRARY = "libc++";
				CLANG_ENABLE_MODULES = YES;
				CLANG_ENABLE_OBJC_ARC = YES;
				CLANG_WARN_BOOL_CONVERSION = YES;
				CLANG_WARN_CONSTANT_CONVERSION = YES;
				CLANG_WARN_DIRECT_OBJC_ISA_USAGE = YES_ERROR;
				CLANG_WARN_EMPTY_BODY = YES;
				CLANG_WARN_ENUM_CONVERSION = YES;
				CLANG_WARN_INT_CONVERSION = YES;
				CLANG_WARN_OBJC_ROOT_CLASS = YES_ERROR;
				CLANG_WARN_UNREACHABLE_CODE = YES;
				CLANG_WARN__DUPLICATE_METHOD_MATCH = YES;
				"CODE_SIGN_IDENTITY[sdk=iphoneos*]" = "iPhone Developer";
				COPY_PHASE_STRIP = NO;
				DEBUG_INFORMATION_FORMAT = "dwarf-with-dsym";
				ENABLE_NS_ASSERTIONS = NO;
				ENABLE_STRICT_OBJC_MSGSEND = YES;
				GCC_C_LANGUAGE_STANDARD = gnu99;
				GCC_NO_COMMON_BLOCKS = YES;
				GCC_WARN_64_TO_32_BIT_CONVERSION = YES;
				GCC_WARN_ABOUT_RETURN_TYPE = YES_ERROR;
				GCC_WARN_UNDECLARED_SELECTOR = YES;
				GCC_WARN_UNINITIALIZED_AUTOS = YES_AGGRESSIVE;
				GCC_WARN_UNUSED_FUNCTION = YES;
				GCC_WARN_UNUSED_VARIABLE = YES;
				IPHONEOS_DEPLOYMENT_TARGET = 9.2;
				MTL_ENABLE_DEBUG_INFO = NO;
				SDKROOT = iphoneos;
				VALIDATE_PRODUCT = YES;
			};
			name = Release;
		};
		F714CBBA1C3B232A00D8AC2D /* Debug */ = {
			isa = XCBuildConfiguration;
			baseConfigurationReference = 0074498CEF410DAECC9BF613 /* Pods-vlogger.debug.xcconfig */;
			buildSettings = {
				ASSETCATALOG_COMPILER_APPICON_NAME = AppIcon;
				FRAMEWORK_SEARCH_PATHS = (
					"$(inherited)",
					"$(PROJECT_DIR)",
				);
				INFOPLIST_FILE = vlogger/Info.plist;
				LD_RUNPATH_SEARCH_PATHS = "$(inherited) @executable_path/Frameworks";
				PRODUCT_BUNDLE_IDENTIFIER = smith1302.vlogger;
				PRODUCT_NAME = "$(TARGET_NAME)";
			};
			name = Debug;
		};
		F714CBBB1C3B232A00D8AC2D /* Release */ = {
			isa = XCBuildConfiguration;
			baseConfigurationReference = AC1279823F1F324E18BCB511 /* Pods-vlogger.release.xcconfig */;
			buildSettings = {
				ASSETCATALOG_COMPILER_APPICON_NAME = AppIcon;
				FRAMEWORK_SEARCH_PATHS = (
					"$(inherited)",
					"$(PROJECT_DIR)",
				);
				INFOPLIST_FILE = vlogger/Info.plist;
				LD_RUNPATH_SEARCH_PATHS = "$(inherited) @executable_path/Frameworks";
				PRODUCT_BUNDLE_IDENTIFIER = smith1302.vlogger;
				PRODUCT_NAME = "$(TARGET_NAME)";
			};
			name = Release;
		};
/* End XCBuildConfiguration section */

/* Begin XCConfigurationList section */
		F714CBA21C3B232900D8AC2D /* Build configuration list for PBXProject "vlogger" */ = {
			isa = XCConfigurationList;
			buildConfigurations = (
				F714CBB71C3B232A00D8AC2D /* Debug */,
				F714CBB81C3B232A00D8AC2D /* Release */,
			);
			defaultConfigurationIsVisible = 0;
			defaultConfigurationName = Release;
		};
		F714CBB91C3B232A00D8AC2D /* Build configuration list for PBXNativeTarget "vlogger" */ = {
			isa = XCConfigurationList;
			buildConfigurations = (
				F714CBBA1C3B232A00D8AC2D /* Debug */,
				F714CBBB1C3B232A00D8AC2D /* Release */,
			);
			defaultConfigurationIsVisible = 0;
			defaultConfigurationName = Release;
		};
/* End XCConfigurationList section */
	};
	rootObject = F714CB9F1C3B232900D8AC2D /* Project object */;
}
