// !$*UTF8*$!
{
	archiveVersion = 1;
	classes = {
	};
	objectVersion = 46;
	objects = {

/* Begin PBXBuildFile section */
		F714CBAB1C3B232A00D8AC2D /* AppDelegate.swift in Sources */ = {isa = PBXBuildFile; fileRef = F714CBAA1C3B232A00D8AC2D /* AppDelegate.swift */; };
		F714CBAD1C3B232A00D8AC2D /* VideoViewController.swift in Sources */ = {isa = PBXBuildFile; fileRef = F714CBAC1C3B232A00D8AC2D /* VideoViewController.swift */; };
		F714CBB01C3B232A00D8AC2D /* Main.storyboard in Resources */ = {isa = PBXBuildFile; fileRef = F714CBAE1C3B232A00D8AC2D /* Main.storyboard */; };
		F714CBB21C3B232A00D8AC2D /* Assets.xcassets in Resources */ = {isa = PBXBuildFile; fileRef = F714CBB11C3B232A00D8AC2D /* Assets.xcassets */; };
		F714CBB51C3B232A00D8AC2D /* LaunchScreen.storyboard in Resources */ = {isa = PBXBuildFile; fileRef = F714CBB31C3B232A00D8AC2D /* LaunchScreen.storyboard */; };
		F714CBC21C3B27FE00D8AC2D /* Bolts.framework in Frameworks */ = {isa = PBXBuildFile; fileRef = F714CBC01C3B27FE00D8AC2D /* Bolts.framework */; };
		F714CBC31C3B27FE00D8AC2D /* Parse.framework in Frameworks */ = {isa = PBXBuildFile; fileRef = F714CBC11C3B27FE00D8AC2D /* Parse.framework */; };
		F714CBC51C3B283800D8AC2D /* libsqlite3.tbd in Frameworks */ = {isa = PBXBuildFile; fileRef = F714CBC41C3B283800D8AC2D /* libsqlite3.tbd */; };
		F714CBC71C3B284100D8AC2D /* CoreGraphics.framework in Frameworks */ = {isa = PBXBuildFile; fileRef = F714CBC61C3B284100D8AC2D /* CoreGraphics.framework */; };
		F714CBC91C3B284D00D8AC2D /* CFNetwork.framework in Frameworks */ = {isa = PBXBuildFile; fileRef = F714CBC81C3B284D00D8AC2D /* CFNetwork.framework */; };
		F714CBCB1C3B285900D8AC2D /* AudioToolbox.framework in Frameworks */ = {isa = PBXBuildFile; fileRef = F714CBCA1C3B285900D8AC2D /* AudioToolbox.framework */; };
		F714CBCD1C3B287400D8AC2D /* ParseUI.framework in Frameworks */ = {isa = PBXBuildFile; fileRef = F714CBCC1C3B287400D8AC2D /* ParseUI.framework */; };
		F714CBD01C3B295F00D8AC2D /* SystemConfiguration.framework in Frameworks */ = {isa = PBXBuildFile; fileRef = F714CBCF1C3B295F00D8AC2D /* SystemConfiguration.framework */; };
		F714CBD21C3B297000D8AC2D /* Security.framework in Frameworks */ = {isa = PBXBuildFile; fileRef = F714CBD11C3B297000D8AC2D /* Security.framework */; };
		F714CBD41C3B297B00D8AC2D /* libz.tbd in Frameworks */ = {isa = PBXBuildFile; fileRef = F714CBD31C3B297B00D8AC2D /* libz.tbd */; };
/* End PBXBuildFile section */

/* Begin PBXFileReference section */
		F714CBA71C3B232A00D8AC2D /* vlogger.app */ = {isa = PBXFileReference; explicitFileType = wrapper.application; includeInIndex = 0; path = vlogger.app; sourceTree = BUILT_PRODUCTS_DIR; };
		F714CBAA1C3B232A00D8AC2D /* AppDelegate.swift */ = {isa = PBXFileReference; lastKnownFileType = sourcecode.swift; path = AppDelegate.swift; sourceTree = "<group>"; };
		F714CBAC1C3B232A00D8AC2D /* VideoViewController.swift */ = {isa = PBXFileReference; lastKnownFileType = sourcecode.swift; path = VideoViewController.swift; sourceTree = "<group>"; };
		F714CBAF1C3B232A00D8AC2D /* Base */ = {isa = PBXFileReference; lastKnownFileType = file.storyboard; name = Base; path = Base.lproj/Main.storyboard; sourceTree = "<group>"; };
		F714CBB11C3B232A00D8AC2D /* Assets.xcassets */ = {isa = PBXFileReference; lastKnownFileType = folder.assetcatalog; path = Assets.xcassets; sourceTree = "<group>"; };
		F714CBB41C3B232A00D8AC2D /* Base */ = {isa = PBXFileReference; lastKnownFileType = file.storyboard; name = Base; path = Base.lproj/LaunchScreen.storyboard; sourceTree = "<group>"; };
		F714CBB61C3B232A00D8AC2D /* Info.plist */ = {isa = PBXFileReference; lastKnownFileType = text.plist.xml; path = Info.plist; sourceTree = "<group>"; };
		F714CBC01C3B27FE00D8AC2D /* Bolts.framework */ = {isa = PBXFileReference; lastKnownFileType = wrapper.framework; path = Bolts.framework; sourceTree = "<group>"; };
		F714CBC11C3B27FE00D8AC2D /* Parse.framework */ = {isa = PBXFileReference; lastKnownFileType = wrapper.framework; path = Parse.framework; sourceTree = "<group>"; };
		F714CBC41C3B283800D8AC2D /* libsqlite3.tbd */ = {isa = PBXFileReference; lastKnownFileType = "sourcecode.text-based-dylib-definition"; name = libsqlite3.tbd; path = usr/lib/libsqlite3.tbd; sourceTree = SDKROOT; };
		F714CBC61C3B284100D8AC2D /* CoreGraphics.framework */ = {isa = PBXFileReference; lastKnownFileType = wrapper.framework; name = CoreGraphics.framework; path = System/Library/Frameworks/CoreGraphics.framework; sourceTree = SDKROOT; };
		F714CBC81C3B284D00D8AC2D /* CFNetwork.framework */ = {isa = PBXFileReference; lastKnownFileType = wrapper.framework; name = CFNetwork.framework; path = System/Library/Frameworks/CFNetwork.framework; sourceTree = SDKROOT; };
		F714CBCA1C3B285900D8AC2D /* AudioToolbox.framework */ = {isa = PBXFileReference; lastKnownFileType = wrapper.framework; name = AudioToolbox.framework; path = System/Library/Frameworks/AudioToolbox.framework; sourceTree = SDKROOT; };
		F714CBCC1C3B287400D8AC2D /* ParseUI.framework */ = {isa = PBXFileReference; lastKnownFileType = wrapper.framework; path = ParseUI.framework; sourceTree = "<group>"; };
		F714CBCF1C3B295F00D8AC2D /* SystemConfiguration.framework */ = {isa = PBXFileReference; lastKnownFileType = wrapper.framework; name = SystemConfiguration.framework; path = System/Library/Frameworks/SystemConfiguration.framework; sourceTree = SDKROOT; };
		F714CBD11C3B297000D8AC2D /* Security.framework */ = {isa = PBXFileReference; lastKnownFileType = wrapper.framework; name = Security.framework; path = System/Library/Frameworks/Security.framework; sourceTree = SDKROOT; };
		F714CBD31C3B297B00D8AC2D /* libz.tbd */ = {isa = PBXFileReference; lastKnownFileType = "sourcecode.text-based-dylib-definition"; name = libz.tbd; path = usr/lib/libz.tbd; sourceTree = SDKROOT; };
/* End PBXFileReference section */

/* Begin PBXFrameworksBuildPhase section */
		F714CBA41C3B232A00D8AC2D /* Frameworks */ = {
			isa = PBXFrameworksBuildPhase;
			buildActionMask = 2147483647;
			files = (
				F714CBD41C3B297B00D8AC2D /* libz.tbd in Frameworks */,
				F714CBD21C3B297000D8AC2D /* Security.framework in Frameworks */,
				F714CBD01C3B295F00D8AC2D /* SystemConfiguration.framework in Frameworks */,
				F714CBCB1C3B285900D8AC2D /* AudioToolbox.framework in Frameworks */,
				F714CBC91C3B284D00D8AC2D /* CFNetwork.framework in Frameworks */,
				F714CBCD1C3B287400D8AC2D /* ParseUI.framework in Frameworks */,
				F714CBC71C3B284100D8AC2D /* CoreGraphics.framework in Frameworks */,
				F714CBC51C3B283800D8AC2D /* libsqlite3.tbd in Frameworks */,
				F714CBC31C3B27FE00D8AC2D /* Parse.framework in Frameworks */,
				F714CBC21C3B27FE00D8AC2D /* Bolts.framework in Frameworks */,
			);
			runOnlyForDeploymentPostprocessing = 0;
		};
/* End PBXFrameworksBuildPhase section */

/* Begin PBXGroup section */
		F714CB9E1C3B232900D8AC2D = {
			isa = PBXGroup;
			children = (
				F714CBCE1C3B289000D8AC2D /* Frameworks */,
				F714CBA91C3B232A00D8AC2D /* vlogger */,
				F714CBA81C3B232A00D8AC2D /* Products */,
			);
			sourceTree = "<group>";
		};
		F714CBA81C3B232A00D8AC2D /* Products */ = {
			isa = PBXGroup;
			children = (
				F714CBA71C3B232A00D8AC2D /* vlogger.app */,
			);
			name = Products;
			sourceTree = "<group>";
		};
		F714CBA91C3B232A00D8AC2D /* vlogger */ = {
			isa = PBXGroup;
			children = (
				F714CBAA1C3B232A00D8AC2D /* AppDelegate.swift */,
				F714CBAC1C3B232A00D8AC2D /* VideoViewController.swift */,
				F714CBAE1C3B232A00D8AC2D /* Main.storyboard */,
				F714CBB11C3B232A00D8AC2D /* Assets.xcassets */,
				F714CBB31C3B232A00D8AC2D /* LaunchScreen.storyboard */,
				F714CBB61C3B232A00D8AC2D /* Info.plist */,
			);
			path = vlogger;
			sourceTree = "<group>";
		};
		F714CBCE1C3B289000D8AC2D /* Frameworks */ = {
			isa = PBXGroup;
			children = (
				F714CBD31C3B297B00D8AC2D /* libz.tbd */,
				F714CBD11C3B297000D8AC2D /* Security.framework */,
				F714CBCF1C3B295F00D8AC2D /* SystemConfiguration.framework */,
				F714CBCC1C3B287400D8AC2D /* ParseUI.framework */,
				F714CBCA1C3B285900D8AC2D /* AudioToolbox.framework */,
				F714CBC81C3B284D00D8AC2D /* CFNetwork.framework */,
				F714CBC61C3B284100D8AC2D /* CoreGraphics.framework */,
				F714CBC41C3B283800D8AC2D /* libsqlite3.tbd */,
				F714CBC01C3B27FE00D8AC2D /* Bolts.framework */,
				F714CBC11C3B27FE00D8AC2D /* Parse.framework */,
			);
			name = Frameworks;
			sourceTree = "<group>";
		};
/* End PBXGroup section */

/* Begin PBXNativeTarget section */
		F714CBA61C3B232A00D8AC2D /* vlogger */ = {
			isa = PBXNativeTarget;
			buildConfigurationList = F714CBB91C3B232A00D8AC2D /* Build configuration list for PBXNativeTarget "vlogger" */;
			buildPhases = (
				F714CBA31C3B232A00D8AC2D /* Sources */,
				F714CBA41C3B232A00D8AC2D /* Frameworks */,
				F714CBA51C3B232A00D8AC2D /* Resources */,
			);
			buildRules = (
			);
			dependencies = (
			);
			name = vlogger;
			productName = vlogger;
			productReference = F714CBA71C3B232A00D8AC2D /* vlogger.app */;
			productType = "com.apple.product-type.application";
		};
/* End PBXNativeTarget section */

/* Begin PBXProject section */
		F714CB9F1C3B232900D8AC2D /* Project object */ = {
			isa = PBXProject;
			attributes = {
				LastSwiftUpdateCheck = 0720;
				LastUpgradeCheck = 0720;
				ORGANIZATIONNAME = smith1302;
				TargetAttributes = {
					F714CBA61C3B232A00D8AC2D = {
						CreatedOnToolsVersion = 7.2;
					};
				};
			};
			buildConfigurationList = F714CBA21C3B232900D8AC2D /* Build configuration list for PBXProject "vlogger" */;
			compatibilityVersion = "Xcode 3.2";
			developmentRegion = English;
			hasScannedForEncodings = 0;
			knownRegions = (
				en,
				Base,
			);
			mainGroup = F714CB9E1C3B232900D8AC2D;
			productRefGroup = F714CBA81C3B232A00D8AC2D /* Products */;
			projectDirPath = "";
			projectRoot = "";
			targets = (
				F714CBA61C3B232A00D8AC2D /* vlogger */,
			);
		};
/* End PBXProject section */

/* Begin PBXResourcesBuildPhase section */
		F714CBA51C3B232A00D8AC2D /* Resources */ = {
			isa = PBXResourcesBuildPhase;
			buildActionMask = 2147483647;
			files = (
				F714CBB51C3B232A00D8AC2D /* LaunchScreen.storyboard in Resources */,
				F714CBB21C3B232A00D8AC2D /* Assets.xcassets in Resources */,
				F714CBB01C3B232A00D8AC2D /* Main.storyboard in Resources */,
			);
			runOnlyForDeploymentPostprocessing = 0;
		};
/* End PBXResourcesBuildPhase section */

/* Begin PBXSourcesBuildPhase section */
		F714CBA31C3B232A00D8AC2D /* Sources */ = {
			isa = PBXSourcesBuildPhase;
			buildActionMask = 2147483647;
			files = (
				F714CBAD1C3B232A00D8AC2D /* VideoViewController.swift in Sources */,
				F714CBAB1C3B232A00D8AC2D /* AppDelegate.swift in Sources */,
			);
			runOnlyForDeploymentPostprocessing = 0;
		};
/* End PBXSourcesBuildPhase section */

/* Begin PBXVariantGroup section */
		F714CBAE1C3B232A00D8AC2D /* Main.storyboard */ = {
			isa = PBXVariantGroup;
			children = (
				F714CBAF1C3B232A00D8AC2D /* Base */,
			);
			name = Main.storyboard;
			sourceTree = "<group>";
		};
		F714CBB31C3B232A00D8AC2D /* LaunchScreen.storyboard */ = {
			isa = PBXVariantGroup;
			children = (
				F714CBB41C3B232A00D8AC2D /* Base */,
			);
			name = LaunchScreen.storyboard;
			sourceTree = "<group>";
		};
/* End PBXVariantGroup section */

/* Begin XCBuildConfiguration section */
		F714CBB71C3B232A00D8AC2D /* Debug */ = {
			isa = XCBuildConfiguration;
			buildSettings = {
				ALWAYS_SEARCH_USER_PATHS = NO;
				CLANG_CXX_LANGUAGE_STANDARD = "gnu++0x";
				CLANG_CXX_LIBRARY = "libc++";
				CLANG_ENABLE_MODULES = YES;
				CLANG_ENABLE_OBJC_ARC = YES;
				CLANG_WARN_BOOL_CONVERSION = YES;
				CLANG_WARN_CONSTANT_CONVERSION = YES;
				CLANG_WARN_DIRECT_OBJC_ISA_USAGE = YES_ERROR;
				CLANG_WARN_EMPTY_BODY = YES;
				CLANG_WARN_ENUM_CONVERSION = YES;
				CLANG_WARN_INT_CONVERSION = YES;
				CLANG_WARN_OBJC_ROOT_CLASS = YES_ERROR;
				CLANG_WARN_UNREACHABLE_CODE = YES;
				CLANG_WARN__DUPLICATE_METHOD_MATCH = YES;
				"CODE_SIGN_IDENTITY[sdk=iphoneos*]" = "iPhone Developer";
				COPY_PHASE_STRIP = NO;
				DEBUG_INFORMATION_FORMAT = dwarf;
				ENABLE_STRICT_OBJC_MSGSEND = YES;
				ENABLE_TESTABILITY = YES;
				GCC_C_LANGUAGE_STANDARD = gnu99;
				GCC_DYNAMIC_NO_PIC = NO;
				GCC_NO_COMMON_BLOCKS = YES;
				GCC_OPTIMIZATION_LEVEL = 0;
				GCC_PREPROCESSOR_DEFINITIONS = (
					"DEBUG=1",
					"$(inherited)",
				);
				GCC_WARN_64_TO_32_BIT_CONVERSION = YES;
				GCC_WARN_ABOUT_RETURN_TYPE = YES_ERROR;
				GCC_WARN_UNDECLARED_SELECTOR = YES;
				GCC_WARN_UNINITIALIZED_AUTOS = YES_AGGRESSIVE;
				GCC_WARN_UNUSED_FUNCTION = YES;
				GCC_WARN_UNUSED_VARIABLE = YES;
				IPHONEOS_DEPLOYMENT_TARGET = 9.2;
				MTL_ENABLE_DEBUG_INFO = YES;
				ONLY_ACTIVE_ARCH = YES;
				SDKROOT = iphoneos;
				SWIFT_OPTIMIZATION_LEVEL = "-Onone";
			};
			name = Debug;
		};
		F714CBB81C3B232A00D8AC2D /* Release */ = {
			isa = XCBuildConfiguration;
			buildSettings = {
				ALWAYS_SEARCH_USER_PATHS = NO;
				CLANG_CXX_LANGUAGE_STANDARD = "gnu++0x";
				CLANG_CXX_LIBRARY = "libc++";
				CLANG_ENABLE_MODULES = YES;
				CLANG_ENABLE_OBJC_ARC = YES;
				CLANG_WARN_BOOL_CONVERSION = YES;
				CLANG_WARN_CONSTANT_CONVERSION = YES;
				CLANG_WARN_DIRECT_OBJC_ISA_USAGE = YES_ERROR;
				CLANG_WARN_EMPTY_BODY = YES;
				CLANG_WARN_ENUM_CONVERSION = YES;
				CLANG_WARN_INT_CONVERSION = YES;
				CLANG_WARN_OBJC_ROOT_CLASS = YES_ERROR;
				CLANG_WARN_UNREACHABLE_CODE = YES;
				CLANG_WARN__DUPLICATE_METHOD_MATCH = YES;
				"CODE_SIGN_IDENTITY[sdk=iphoneos*]" = "iPhone Developer";
				COPY_PHASE_STRIP = NO;
				DEBUG_INFORMATION_FORMAT = "dwarf-with-dsym";
				ENABLE_NS_ASSERTIONS = NO;
				ENABLE_STRICT_OBJC_MSGSEND = YES;
				GCC_C_LANGUAGE_STANDARD = gnu99;
				GCC_NO_COMMON_BLOCKS = YES;
				GCC_WARN_64_TO_32_BIT_CONVERSION = YES;
				GCC_WARN_ABOUT_RETURN_TYPE = YES_ERROR;
				GCC_WARN_UNDECLARED_SELECTOR = YES;
				GCC_WARN_UNINITIALIZED_AUTOS = YES_AGGRESSIVE;
				GCC_WARN_UNUSED_FUNCTION = YES;
				GCC_WARN_UNUSED_VARIABLE = YES;
				IPHONEOS_DEPLOYMENT_TARGET = 9.2;
				MTL_ENABLE_DEBUG_INFO = NO;
				SDKROOT = iphoneos;
				VALIDATE_PRODUCT = YES;
			};
			name = Release;
		};
		F714CBBA1C3B232A00D8AC2D /* Debug */ = {
			isa = XCBuildConfiguration;
			buildSettings = {
				ASSETCATALOG_COMPILER_APPICON_NAME = AppIcon;
				FRAMEWORK_SEARCH_PATHS = (
					"$(inherited)",
					"$(PROJECT_DIR)",
				);
				INFOPLIST_FILE = vlogger/Info.plist;
				LD_RUNPATH_SEARCH_PATHS = "$(inherited) @executable_path/Frameworks";
				PRODUCT_BUNDLE_IDENTIFIER = smith1302.vlogger;
				PRODUCT_NAME = "$(TARGET_NAME)";
			};
			name = Debug;
		};
		F714CBBB1C3B232A00D8AC2D /* Release */ = {
			isa = XCBuildConfiguration;
			buildSettings = {
				ASSETCATALOG_COMPILER_APPICON_NAME = AppIcon;
				FRAMEWORK_SEARCH_PATHS = (
					"$(inherited)",
					"$(PROJECT_DIR)",
				);
				INFOPLIST_FILE = vlogger/Info.plist;
				LD_RUNPATH_SEARCH_PATHS = "$(inherited) @executable_path/Frameworks";
				PRODUCT_BUNDLE_IDENTIFIER = smith1302.vlogger;
				PRODUCT_NAME = "$(TARGET_NAME)";
			};
			name = Release;
		};
/* End XCBuildConfiguration section */

/* Begin XCConfigurationList section */
		F714CBA21C3B232900D8AC2D /* Build configuration list for PBXProject "vlogger" */ = {
			isa = XCConfigurationList;
			buildConfigurations = (
				F714CBB71C3B232A00D8AC2D /* Debug */,
				F714CBB81C3B232A00D8AC2D /* Release */,
			);
			defaultConfigurationIsVisible = 0;
			defaultConfigurationName = Release;
		};
		F714CBB91C3B232A00D8AC2D /* Build configuration list for PBXNativeTarget "vlogger" */ = {
			isa = XCConfigurationList;
			buildConfigurations = (
				F714CBBA1C3B232A00D8AC2D /* Debug */,
				F714CBBB1C3B232A00D8AC2D /* Release */,
			);
			defaultConfigurationIsVisible = 0;
		};
/* End XCConfigurationList section */
	};
	rootObject = F714CB9F1C3B232900D8AC2D /* Project object */;
}
